// !$*UTF8*$!
{
	archiveVersion = 1;
	classes = {
	};
	objectVersion = 46;
	objects = {

/* Begin PBXBuildFile section */
		E0150E361D79B37B009D4F81 /* AppDelegate.swift in Sources */ = {isa = PBXBuildFile; fileRef = E0150E351D79B37B009D4F81 /* AppDelegate.swift */; };
		E0150E381D79B37B009D4F81 /* ViewController.swift in Sources */ = {isa = PBXBuildFile; fileRef = E0150E371D79B37B009D4F81 /* ViewController.swift */; };
		E0150E3B1D79B37B009D4F81 /* Main.storyboard in Resources */ = {isa = PBXBuildFile; fileRef = E0150E391D79B37B009D4F81 /* Main.storyboard */; };
		E0150E3D1D79B37B009D4F81 /* Assets.xcassets in Resources */ = {isa = PBXBuildFile; fileRef = E0150E3C1D79B37B009D4F81 /* Assets.xcassets */; };
		E0150E401D79B37B009D4F81 /* LaunchScreen.storyboard in Resources */ = {isa = PBXBuildFile; fileRef = E0150E3E1D79B37B009D4F81 /* LaunchScreen.storyboard */; };
/* End PBXBuildFile section */

/* Begin PBXFileReference section */
		E0150E321D79B37B009D4F81 /* MySillySong.app */ = {isa = PBXFileReference; explicitFileType = wrapper.application; includeInIndex = 0; path = MySillySong.app; sourceTree = BUILT_PRODUCTS_DIR; };
		E0150E351D79B37B009D4F81 /* AppDelegate.swift */ = {isa = PBXFileReference; lastKnownFileType = sourcecode.swift; path = AppDelegate.swift; sourceTree = "<group>"; };
		E0150E371D79B37B009D4F81 /* ViewController.swift */ = {isa = PBXFileReference; lastKnownFileType = sourcecode.swift; path = ViewController.swift; sourceTree = "<group>"; };
		E0150E3A1D79B37B009D4F81 /* Base */ = {isa = PBXFileReference; lastKnownFileType = file.storyboard; name = Base; path = Base.lproj/Main.storyboard; sourceTree = "<group>"; };
		E0150E3C1D79B37B009D4F81 /* Assets.xcassets */ = {isa = PBXFileReference; lastKnownFileType = folder.assetcatalog; path = Assets.xcassets; sourceTree = "<group>"; };
		E0150E3F1D79B37B009D4F81 /* Base */ = {isa = PBXFileReference; lastKnownFileType = file.storyboard; name = Base; path = Base.lproj/LaunchScreen.storyboard; sourceTree = "<group>"; };
		E0150E411D79B37B009D4F81 /* Info.plist */ = {isa = PBXFileReference; lastKnownFileType = text.plist.xml; path = Info.plist; sourceTree = "<group>"; };
/* End PBXFileReference section */

/* Begin PBXFrameworksBuildPhase section */
		E0150E2F1D79B37B009D4F81 /* Frameworks */ = {
			isa = PBXFrameworksBuildPhase;
			buildActionMask = 2147483647;
			files = (
			);
			runOnlyForDeploymentPostprocessing = 0;
		};
/* End PBXFrameworksBuildPhase section */

/* Begin PBXGroup section */
		E0150E291D79B37B009D4F81 = {
			isa = PBXGroup;
			children = (
				E0150E341D79B37B009D4F81 /* MySillySong */,
				E0150E331D79B37B009D4F81 /* Products */,
			);
			sourceTree = "<group>";
		};
		E0150E331D79B37B009D4F81 /* Products */ = {
			isa = PBXGroup;
			children = (
				E0150E321D79B37B009D4F81 /* MySillySong.app */,
			);
			name = Products;
			sourceTree = "<group>";
		};
		E0150E341D79B37B009D4F81 /* MySillySong */ = {
			isa = PBXGroup;
			children = (
				E0150E351D79B37B009D4F81 /* AppDelegate.swift */,
				E0150E371D79B37B009D4F81 /* ViewController.swift */,
				E0150E391D79B37B009D4F81 /* Main.storyboard */,
				E0150E3C1D79B37B009D4F81 /* Assets.xcassets */,
				E0150E3E1D79B37B009D4F81 /* LaunchScreen.storyboard */,
				E0150E411D79B37B009D4F81 /* Info.plist */,
			);
			path = MySillySong;
			sourceTree = "<group>";
		};
/* End PBXGroup section */

/* Begin PBXNativeTarget section */
		E0150E311D79B37B009D4F81 /* MySillySong */ = {
			isa = PBXNativeTarget;
			buildConfigurationList = E0150E441D79B37B009D4F81 /* Build configuration list for PBXNativeTarget "MySillySong" */;
			buildPhases = (
				E0150E2E1D79B37B009D4F81 /* Sources */,
				E0150E2F1D79B37B009D4F81 /* Frameworks */,
				E0150E301D79B37B009D4F81 /* Resources */,
			);
			buildRules = (
			);
			dependencies = (
			);
			name = MySillySong;
			productName = MySillySong;
			productReference = E0150E321D79B37B009D4F81 /* MySillySong.app */;
			productType = "com.apple.product-type.application";
		};
/* End PBXNativeTarget section */

/* Begin PBXProject section */
		E0150E2A1D79B37B009D4F81 /* Project object */ = {
			isa = PBXProject;
			attributes = {
				LastSwiftUpdateCheck = 0730;
				LastUpgradeCheck = 0730;
				ORGANIZATIONNAME = "Jason Crawford";
				TargetAttributes = {
					E0150E311D79B37B009D4F81 = {
						CreatedOnToolsVersion = 7.3.1;
					};
				};
			};
			buildConfigurationList = E0150E2D1D79B37B009D4F81 /* Build configuration list for PBXProject "MySillySong" */;
			compatibilityVersion = "Xcode 3.2";
			developmentRegion = English;
			hasScannedForEncodings = 0;
			knownRegions = (
				en,
				Base,
			);
			mainGroup = E0150E291D79B37B009D4F81;
			productRefGroup = E0150E331D79B37B009D4F81 /* Products */;
			projectDirPath = "";
			projectRoot = "";
			targets = (
				E0150E311D79B37B009D4F81 /* MySillySong */,
			);
		};
/* End PBXProject section */

/* Begin PBXResourcesBuildPhase section */
		E0150E301D79B37B009D4F81 /* Resources */ = {
			isa = PBXResourcesBuildPhase;
			buildActionMask = 2147483647;
			files = (
				E0150E401D79B37B009D4F81 /* LaunchScreen.storyboard in Resources */,
				E0150E3D1D79B37B009D4F81 /* Assets.xcassets in Resources */,
				E0150E3B1D79B37B009D4F81 /* Main.storyboard in Resources */,
			);
			runOnlyForDeploymentPostprocessing = 0;
		};
/* End PBXResourcesBuildPhase section */

/* Begin PBXSourcesBuildPhase section */
		E0150E2E1D79B37B009D4F81 /* Sources */ = {
			isa = PBXSourcesBuildPhase;
			buildActionMask = 2147483647;
			files = (
				E0150E381D79B37B009D4F81 /* ViewController.swift in Sources */,
				E0150E361D79B37B009D4F81 /* AppDelegate.swift in Sources */,
			);
			runOnlyForDeploymentPostprocessing = 0;
		};
/* End PBXSourcesBuildPhase section */

/* Begin PBXVariantGroup section */
		E0150E391D79B37B009D4F81 /* Main.storyboard */ = {
			isa = PBXVariantGroup;
			children = (
				E0150E3A1D79B37B009D4F81 /* Base */,
			);
			name = Main.storyboard;
			sourceTree = "<group>";
		};
		E0150E3E1D79B37B009D4F81 /* LaunchScreen.storyboard */ = {
			isa = PBXVariantGroup;
			children = (
				E0150E3F1D79B37B009D4F81 /* Base */,
			);
			name = LaunchScreen.storyboard;
			sourceTree = "<group>";
		};
/* End PBXVariantGroup section */

/* Begin XCBuildConfiguration section */
		E0150E421D79B37B009D4F81 /* Debug */ = {
			isa = XCBuildConfiguration;
			buildSettings = {
				ALWAYS_SEARCH_USER_PATHS = NO;
				CLANG_ANALYZER_NONNULL = YES;
				CLANG_CXX_LANGUAGE_STANDARD = "gnu++0x";
				CLANG_CXX_LIBRARY = "libc++";
				CLANG_ENABLE_MODULES = YES;
				CLANG_ENABLE_OBJC_ARC = YES;
				CLANG_WARN_BOOL_CONVERSION = YES;
				CLANG_WARN_CONSTANT_CONVERSION = YES;
				CLANG_WARN_DIRECT_OBJC_ISA_USAGE = YES_ERROR;
				CLANG_WARN_EMPTY_BODY = YES;
				CLANG_WARN_ENUM_CONVERSION = YES;
				CLANG_WARN_INT_CONVERSION = YES;
				CLANG_WARN_OBJC_ROOT_CLASS = YES_ERROR;
				CLANG_WARN_UNREACHABLE_CODE = YES;
				CLANG_WARN__DUPLICATE_METHOD_MATCH = YES;
				"CODE_SIGN_IDENTITY[sdk=iphoneos*]" = "iPhone Developer";
				COPY_PHASE_STRIP = NO;
				DEBUG_INFORMATION_FORMAT = dwarf;
				ENABLE_STRICT_OBJC_MSGSEND = YES;
				ENABLE_TESTABILITY = YES;
				GCC_C_LANGUAGE_STANDARD = gnu99;
				GCC_DYNAMIC_NO_PIC = NO;
				GCC_NO_COMMON_BLOCKS = YES;
				GCC_OPTIMIZATION_LEVEL = 0;
				GCC_PREPROCESSOR_DEFINITIONS = (
					"DEBUG=1",
					"$(inherited)",
				);
				GCC_WARN_64_TO_32_BIT_CONVERSION = YES;
				GCC_WARN_ABOUT_RETURN_TYPE = YES_ERROR;
				GCC_WARN_UNDECLARED_SELECTOR = YES;
				GCC_WARN_UNINITIALIZED_AUTOS = YES_AGGRESSIVE;
				GCC_WARN_UNUSED_FUNCTION = YES;
				GCC_WARN_UNUSED_VARIABLE = YES;
				IPHONEOS_DEPLOYMENT_TARGET = 9.3;
				MTL_ENABLE_DEBUG_INFO = YES;
				ONLY_ACTIVE_ARCH = YES;
				SDKROOT = iphoneos;
				SWIFT_OPTIMIZATION_LEVEL = "-Onone";
				TARGETED_DEVICE_FAMILY = "1,2";
			};
			name = Debug;
		};
		E0150E431D79B37B009D4F81 /* Release */ = {
			isa = XCBuildConfiguration;
			buildSettings = {
				ALWAYS_SEARCH_USER_PATHS = NO;
				CLANG_ANALYZER_NONNULL = YES;
				CLANG_CXX_LANGUAGE_STANDARD = "gnu++0x";
				CLANG_CXX_LIBRARY = "libc++";
				CLANG_ENABLE_MODULES = YES;
				CLANG_ENABLE_OBJC_ARC = YES;
				CLANG_WARN_BOOL_CONVERSION = YES;
				CLANG_WARN_CONSTANT_CONVERSION = YES;
				CLANG_WARN_DIRECT_OBJC_ISA_USAGE = YES_ERROR;
				CLANG_WARN_EMPTY_BODY = YES;
				CLANG_WARN_ENUM_CONVERSION = YES;
				CLANG_WARN_INT_CONVERSION = YES;
				CLANG_WARN_OBJC_ROOT_CLASS = YES_ERROR;
				CLANG_WARN_UNREACHABLE_CODE = YES;
				CLANG_WARN__DUPLICATE_METHOD_MATCH = YES;
				"CODE_SIGN_IDENTITY[sdk=iphoneos*]" = "iPhone Developer";
				COPY_PHASE_STRIP = NO;
				DEBUG_INFORMATION_FORMAT = "dwarf-with-dsym";
				ENABLE_NS_ASSERTIONS = NO;
				ENABLE_STRICT_OBJC_MSGSEND = YES;
				GCC_C_LANGUAGE_STANDARD = gnu99;
				GCC_NO_COMMON_BLOCKS = YES;
				GCC_WARN_64_TO_32_BIT_CONVERSION = YES;
				GCC_WARN_ABOUT_RETURN_TYPE = YES_ERROR;
				GCC_WARN_UNDECLARED_SELECTOR = YES;
				GCC_WARN_UNINITIALIZED_AUTOS = YES_AGGRESSIVE;
				GCC_WARN_UNUSED_FUNCTION = YES;
				GCC_WARN_UNUSED_VARIABLE = YES;
				IPHONEOS_DEPLOYMENT_TARGET = 9.3;
				MTL_ENABLE_DEBUG_INFO = NO;
				SDKROOT = iphoneos;
				TARGETED_DEVICE_FAMILY = "1,2";
				VALIDATE_PRODUCT = YES;
			};
			name = Release;
		};
		E0150E451D79B37B009D4F81 /* Debug */ = {
			isa = XCBuildConfiguration;
			buildSettings = {
				ASSETCATALOG_COMPILER_APPICON_NAME = AppIcon;
				INFOPLIST_FILE = MySillySong/Info.plist;
				LD_RUNPATH_SEARCH_PATHS = "$(inherited) @executable_path/Frameworks";
				PRODUCT_BUNDLE_IDENTIFIER = com.daxapps.MySillySong;
				PRODUCT_NAME = "$(TARGET_NAME)";
			};
			name = Debug;
		};
		E0150E461D79B37B009D4F81 /* Release */ = {
			isa = XCBuildConfiguration;
			buildSettings = {
				ASSETCATALOG_COMPILER_APPICON_NAME = AppIcon;
				INFOPLIST_FILE = MySillySong/Info.plist;
				LD_RUNPATH_SEARCH_PATHS = "$(inherited) @executable_path/Frameworks";
				PRODUCT_BUNDLE_IDENTIFIER = com.daxapps.MySillySong;
				PRODUCT_NAME = "$(TARGET_NAME)";
			};
			name = Release;
		};
/* End XCBuildConfiguration section */

/* Begin XCConfigurationList section */
		E0150E2D1D79B37B009D4F81 /* Build configuration list for PBXProject "MySillySong" */ = {
			isa = XCConfigurationList;
			buildConfigurations = (
				E0150E421D79B37B009D4F81 /* Debug */,
				E0150E431D79B37B009D4F81 /* Release */,
			);
			defaultConfigurationIsVisible = 0;
			defaultConfigurationName = Release;
		};
		E0150E441D79B37B009D4F81 /* Build configuration list for PBXNativeTarget "MySillySong" */ = {
			isa = XCConfigurationList;
			buildConfigurations = (
				E0150E451D79B37B009D4F81 /* Debug */,
				E0150E461D79B37B009D4F81 /* Release */,
			);
			defaultConfigurationIsVisible = 0;
		};
/* End XCConfigurationList section */
	};
	rootObject = E0150E2A1D79B37B009D4F81 /* Project object */;
}
